
Microsoft Visual Studio Solution File, Format Version 12.00
# Visual Studio 15
VisualStudioVersion = 15.0.26730.12
MinimumVisualStudioVersion = 10.0.40219.1
Project("{FAE04EC0-301F-11D3-BF4B-00C04F79EFBC}") = "Basics", "Basics\Basics.csproj", "{4D4C5B74-D5B8-43D8-B3D0-F3ECEFB0E227}"
EndProject
Project("{FAE04EC0-301F-11D3-BF4B-00C04F79EFBC}") = "Features", "Features\Features.csproj", "{A032E966-3B02-4DC0-84F6-D1E05C575734}"
EndProject
Project("{FAE04EC0-301F-11D3-BF4B-00C04F79EFBC}") = "Queries", "Queries\Queries.csproj", "{8B3AB678-8693-47F1-9A9E-335D75247EA8}"
EndProject
Global
	GlobalSection(SolutionConfigurationPlatforms) = preSolution
		Debug|Any CPU = Debug|Any CPU
		Release|Any CPU = Release|Any CPU
	EndGlobalSection
	GlobalSection(ProjectConfigurationPlatforms) = postSolution
		{4D4C5B74-D5B8-43D8-B3D0-F3ECEFB0E227}.Debug|Any CPU.ActiveCfg = Debug|Any CPU
		{4D4C5B74-D5B8-43D8-B3D0-F3ECEFB0E227}.Debug|Any CPU.Build.0 = Debug|Any CPU
		{4D4C5B74-D5B8-43D8-B3D0-F3ECEFB0E227}.Release|Any CPU.ActiveCfg = Release|Any CPU
		{4D4C5B74-D5B8-43D8-B3D0-F3ECEFB0E227}.Release|Any CPU.Build.0 = Release|Any CPU
		{A032E966-3B02-4DC0-84F6-D1E05C575734}.Debug|Any CPU.ActiveCfg = Debug|Any CPU
		{A032E966-3B02-4DC0-84F6-D1E05C575734}.Debug|Any CPU.Build.0 = Debug|Any CPU
		{A032E966-3B02-4DC0-84F6-D1E05C575734}.Release|Any CPU.ActiveCfg = Release|Any CPU
		{A032E966-3B02-4DC0-84F6-D1E05C575734}.Release|Any CPU.Build.0 = Release|Any CPU
		{8B3AB678-8693-47F1-9A9E-335D75247EA8}.Debug|Any CPU.ActiveCfg = Debug|Any CPU
		{8B3AB678-8693-47F1-9A9E-335D75247EA8}.Debug|Any CPU.Build.0 = Debug|Any CPU
		{8B3AB678-8693-47F1-9A9E-335D75247EA8}.Release|Any CPU.ActiveCfg = Release|Any CPU
		{8B3AB678-8693-47F1-9A9E-335D75247EA8}.Release|Any CPU.Build.0 = Release|Any CPU
	EndGlobalSection
	GlobalSection(SolutionProperties) = preSolution
		HideSolutionNode = FALSE
	EndGlobalSection
	GlobalSection(ExtensibilityGlobals) = postSolution
		SolutionGuid = {1FC0F31A-CAA8-4792-A1B6-06D75CE39B2F}
	EndGlobalSection
EndGlobal
